
Microsoft Visual Studio Solution File, Format Version 12.00
# Visual Studio Version 16
VisualStudioVersion = 16.0.31702.278
MinimumVisualStudioVersion = 10.0.40219.1
Project("{FAE04EC0-301F-11D3-BF4B-00C04F79EFBC}") = "Lessons", "Lessons\Lessons.csproj", "{2BB7EAA0-8B31-4320-A1ED-6391FCBFAA07}"
EndProject
Global
	GlobalSection(SolutionConfigurationPlatforms) = preSolution
		Debug|Any CPU = Debug|Any CPU
		Release|Any CPU = Release|Any CPU
	EndGlobalSection
	GlobalSection(ProjectConfigurationPlatforms) = postSolution
		{2BB7EAA0-8B31-4320-A1ED-6391FCBFAA07}.Debug|Any CPU.ActiveCfg = Debug|Any CPU
		{2BB7EAA0-8B31-4320-A1ED-6391FCBFAA07}.Debug|Any CPU.Build.0 = Debug|Any CPU
		{2BB7EAA0-8B31-4320-A1ED-6391FCBFAA07}.Release|Any CPU.ActiveCfg = Release|Any CPU
		{2BB7EAA0-8B31-4320-A1ED-6391FCBFAA07}.Release|Any CPU.Build.0 = Release|Any CPU
	EndGlobalSection
	GlobalSection(SolutionProperties) = preSolution
		HideSolutionNode = FALSE
	EndGlobalSection
	GlobalSection(ExtensibilityGlobals) = postSolution
		SolutionGuid = {8156448E-C34B-4D69-B2F6-CB55323773C5}
	EndGlobalSection
EndGlobal
