
Microsoft Visual Studio Solution File, Format Version 12.00
# Visual Studio 15
VisualStudioVersion = 15.0.28307.1300
MinimumVisualStudioVersion = 10.0.40219.1
Project("{FAE04EC0-301F-11D3-BF4B-00C04F79EFBC}") = "Lesson", "Lesson\Lesson.csproj", "{7165ACBE-67A0-49EC-9500-3A19BE8BD428}"
EndProject
Global
	GlobalSection(SolutionConfigurationPlatforms) = preSolution
		Debug|Any CPU = Debug|Any CPU
		Release|Any CPU = Release|Any CPU
	EndGlobalSection
	GlobalSection(ProjectConfigurationPlatforms) = postSolution
		{7165ACBE-67A0-49EC-9500-3A19BE8BD428}.Debug|Any CPU.ActiveCfg = Debug|Any CPU
		{7165ACBE-67A0-49EC-9500-3A19BE8BD428}.Debug|Any CPU.Build.0 = Debug|Any CPU
		{7165ACBE-67A0-49EC-9500-3A19BE8BD428}.Release|Any CPU.ActiveCfg = Release|Any CPU
		{7165ACBE-67A0-49EC-9500-3A19BE8BD428}.Release|Any CPU.Build.0 = Release|Any CPU
	EndGlobalSection
	GlobalSection(SolutionProperties) = preSolution
		HideSolutionNode = FALSE
	EndGlobalSection
	GlobalSection(ExtensibilityGlobals) = postSolution
		SolutionGuid = {E381365B-C0BB-46E3-A641-EEDEE05744D0}
	EndGlobalSection
EndGlobal
